
Microsoft Visual Studio Solution File, Format Version 12.00
# Visual Studio 14
VisualStudioVersion = 14.0.25402.0
MinimumVisualStudioVersion = 10.0.40219.1
Project("{F184B08F-C81C-45F6-A57F-5ABD9991F28F}") = "Morasol", "Morasol\Morasol.vbproj", "{8C491B9E-C105-4886-A37E-C43DE7BE958F}"
	ProjectSection(ProjectDependencies) = postProject
		{9E539DC1-50AC-4BCA-B89F-8A85ABA3416F} = {9E539DC1-50AC-4BCA-B89F-8A85ABA3416F}
	EndProjectSection
EndProject
Project("{F184B08F-C81C-45F6-A57F-5ABD9991F28F}") = "C_DATOS", "..\C_DATOS\C_DATOS.vbproj", "{9E539DC1-50AC-4BCA-B89F-8A85ABA3416F}"
EndProject
Global
	GlobalSection(SolutionConfigurationPlatforms) = preSolution
		Debug|Any CPU = Debug|Any CPU
		Debug|x86 = Debug|x86
		Release|Any CPU = Release|Any CPU
		Release|x86 = Release|x86
	EndGlobalSection
	GlobalSection(ProjectConfigurationPlatforms) = postSolution
		{8C491B9E-C105-4886-A37E-C43DE7BE958F}.Debug|Any CPU.ActiveCfg = Debug|Any CPU
		{8C491B9E-C105-4886-A37E-C43DE7BE958F}.Debug|Any CPU.Build.0 = Debug|Any CPU
		{8C491B9E-C105-4886-A37E-C43DE7BE958F}.Debug|x86.ActiveCfg = Debug|x86
		{8C491B9E-C105-4886-A37E-C43DE7BE958F}.Debug|x86.Build.0 = Debug|x86
		{8C491B9E-C105-4886-A37E-C43DE7BE958F}.Release|Any CPU.ActiveCfg = Release|Any CPU
		{8C491B9E-C105-4886-A37E-C43DE7BE958F}.Release|Any CPU.Build.0 = Release|Any CPU
		{8C491B9E-C105-4886-A37E-C43DE7BE958F}.Release|x86.ActiveCfg = Release|x86
		{8C491B9E-C105-4886-A37E-C43DE7BE958F}.Release|x86.Build.0 = Release|x86
		{9E539DC1-50AC-4BCA-B89F-8A85ABA3416F}.Debug|Any CPU.ActiveCfg = Debug|Any CPU
		{9E539DC1-50AC-4BCA-B89F-8A85ABA3416F}.Debug|Any CPU.Build.0 = Debug|Any CPU
		{9E539DC1-50AC-4BCA-B89F-8A85ABA3416F}.Debug|x86.ActiveCfg = Debug|x86
		{9E539DC1-50AC-4BCA-B89F-8A85ABA3416F}.Debug|x86.Build.0 = Debug|x86
		{9E539DC1-50AC-4BCA-B89F-8A85ABA3416F}.Release|Any CPU.ActiveCfg = Release|Any CPU
		{9E539DC1-50AC-4BCA-B89F-8A85ABA3416F}.Release|Any CPU.Build.0 = Release|Any CPU
		{9E539DC1-50AC-4BCA-B89F-8A85ABA3416F}.Release|x86.ActiveCfg = Release|x86
		{9E539DC1-50AC-4BCA-B89F-8A85ABA3416F}.Release|x86.Build.0 = Release|x86
	EndGlobalSection
	GlobalSection(SolutionProperties) = preSolution
		HideSolutionNode = FALSE
	EndGlobalSection
EndGlobal
